
Microsoft Visual Studio Solution File, Format Version 12.00
# Visual Studio 15
VisualStudioVersion = 15.0.28307.539
MinimumVisualStudioVersion = 10.0.40219.1
Project("{FAE04EC0-301F-11D3-BF4B-00C04F79EFBC}") = "Wpfpueba_json", "Wpfpueba_json\Wpfpueba_json.csproj", "{A0F4F83E-15F0-47E8-A4CC-4E6D95FF4E1E}"
EndProject
Global
	GlobalSection(SolutionConfigurationPlatforms) = preSolution
		Debug|Any CPU = Debug|Any CPU
		Release|Any CPU = Release|Any CPU
	EndGlobalSection
	GlobalSection(ProjectConfigurationPlatforms) = postSolution
		{A0F4F83E-15F0-47E8-A4CC-4E6D95FF4E1E}.Debug|Any CPU.ActiveCfg = Debug|Any CPU
		{A0F4F83E-15F0-47E8-A4CC-4E6D95FF4E1E}.Debug|Any CPU.Build.0 = Debug|Any CPU
		{A0F4F83E-15F0-47E8-A4CC-4E6D95FF4E1E}.Release|Any CPU.ActiveCfg = Release|Any CPU
		{A0F4F83E-15F0-47E8-A4CC-4E6D95FF4E1E}.Release|Any CPU.Build.0 = Release|Any CPU
	EndGlobalSection
	GlobalSection(SolutionProperties) = preSolution
		HideSolutionNode = FALSE
	EndGlobalSection
	GlobalSection(ExtensibilityGlobals) = postSolution
		SolutionGuid = {F16AFC61-7FCB-4E42-BCD3-60DA6657B1CD}
	EndGlobalSection
EndGlobal
